// !$*UTF8*$!
{
	archiveVersion = 1;
	classes = {
	};
	objectVersion = 77;
	objects = {

/* Begin PBXBuildFile section */
		E3B5CD022E48FE920010371D /* Stripe in Frameworks */ = {isa = PBXBuildFile; productRef = E3B5CD012E48FE920010371D /* Stripe */; };
		E3B5CD042E48FE920010371D /* StripeApplePay in Frameworks */ = {isa = PBXBuildFile; productRef = E3B5CD032E48FE920010371D /* StripeApplePay */; };
		E3B5CD062E48FE920010371D /* StripePaymentSheet in Frameworks */ = {isa = PBXBuildFile; productRef = E3B5CD052E48FE920010371D /* StripePaymentSheet */; };
		E3B5CD082E48FE920010371D /* StripePayments in Frameworks */ = {isa = PBXBuildFile; productRef = E3B5CD072E48FE920010371D /* StripePayments */; };
		E3B5CD0A2E48FE920010371D /* StripePaymentsUI in Frameworks */ = {isa = PBXBuildFile; productRef = E3B5CD092E48FE920010371D /* StripePaymentsUI */; };
		E3B5CD0D2E48FEB90010371D /* GoogleSignIn in Frameworks */ = {isa = PBXBuildFile; productRef = E3B5CD0C2E48FEB90010371D /* GoogleSignIn */; };
		E3B5CD0F2E48FEB90010371D /* GoogleSignInSwift in Frameworks */ = {isa = PBXBuildFile; productRef = E3B5CD0E2E48FEB90010371D /* GoogleSignInSwift */; };
		E3B5CD122E48FF0A0010371D /* FirebaseAI in Frameworks */ = {isa = PBXBuildFile; productRef = E3B5CD112E48FF0A0010371D /* FirebaseAI */; };
		E3B5CD142E48FF0A0010371D /* FirebaseAnalytics in Frameworks */ = {isa = PBXBuildFile; productRef = E3B5CD132E48FF0A0010371D /* FirebaseAnalytics */; };
		E3B5CD162E48FF0A0010371D /* FirebaseAppCheck in Frameworks */ = {isa = PBXBuildFile; productRef = E3B5CD152E48FF0A0010371D /* FirebaseAppCheck */; };
		E3B5CD182E48FF0A0010371D /* FirebaseAppDistribution-Beta in Frameworks */ = {isa = PBXBuildFile; productRef = E3B5CD172E48FF0A0010371D /* FirebaseAppDistribution-Beta */; };
		E3B5CD1A2E48FF0A0010371D /* FirebaseAuth in Frameworks */ = {isa = PBXBuildFile; productRef = E3B5CD192E48FF0A0010371D /* FirebaseAuth */; };
		E3B5CD1C2E48FF0A0010371D /* FirebaseFirestore in Frameworks */ = {isa = PBXBuildFile; productRef = E3B5CD1B2E48FF0A0010371D /* FirebaseFirestore */; };
		E3B5CD1E2E48FF0A0010371D /* FirebaseFunctions in Frameworks */ = {isa = PBXBuildFile; productRef = E3B5CD1D2E48FF0A0010371D /* FirebaseFunctions */; };
		E3B5CD202E48FF0A0010371D /* FirebaseInAppMessaging-Beta in Frameworks */ = {isa = PBXBuildFile; productRef = E3B5CD1F2E48FF0A0010371D /* FirebaseInAppMessaging-Beta */; };
		E3B5CD222E48FF0A0010371D /* FirebaseMessaging in Frameworks */ = {isa = PBXBuildFile; productRef = E3B5CD212E48FF0A0010371D /* FirebaseMessaging */; };
		E3B5CD242E48FF0A0010371D /* FirebaseStorage in Frameworks */ = {isa = PBXBuildFile; productRef = E3B5CD232E48FF0A0010371D /* FirebaseStorage */; };
		E3B5CD272E49007E0010371D /* FirebaseAuthCombine-Community in Frameworks */ = {isa = PBXBuildFile; productRef = E3B5CD262E49007E0010371D /* FirebaseAuthCombine-Community */; };
		E3B5CD292E49007E0010371D /* FirebaseFirestoreCombine-Community in Frameworks */ = {isa = PBXBuildFile; productRef = E3B5CD282E49007E0010371D /* FirebaseFirestoreCombine-Community */; };
		E3B5CD2B2E49007E0010371D /* FirebaseFunctionsCombine-Community in Frameworks */ = {isa = PBXBuildFile; productRef = E3B5CD2A2E49007E0010371D /* FirebaseFunctionsCombine-Community */; };
		E3B5CD2D2E49007E0010371D /* FirebaseStorageCombine-Community in Frameworks */ = {isa = PBXBuildFile; productRef = E3B5CD2C2E49007E0010371D /* FirebaseStorageCombine-Community */; };
/* End PBXBuildFile section */

/* Begin PBXFileReference section */
		E3B5CC432E48FDE30010371D /* Study Bro.app */ = {isa = PBXFileReference; explicitFileType = wrapper.application; includeInIndex = 0; path = "Study Bro.app"; sourceTree = BUILT_PRODUCTS_DIR; };
/* End PBXFileReference section */

/* Begin PBXFileSystemSynchronizedBuildFileExceptionSet section */
		E3B5CD252E48FF4D0010371D /* Exceptions for "Study Bro" folder in "Study Bro" target */ = {
			isa = PBXFileSystemSynchronizedBuildFileExceptionSet;
			membershipExceptions = (
				Resources/Info.plist,
			);
			platformFiltersByRelativePath = {
				"/Localized: Resources/terms.md" = (ios, );
			};
			target = E3B5CC422E48FDE30010371D /* Study Bro */;
		};
/* End PBXFileSystemSynchronizedBuildFileExceptionSet section */

/* Begin PBXFileSystemSynchronizedRootGroup section */
		E3B5CC452E48FDE30010371D /* Study Bro */ = {
			isa = PBXFileSystemSynchronizedRootGroup;
			exceptions = (
				E3B5CD252E48FF4D0010371D /* Exceptions for "Study Bro" folder in "Study Bro" target */,
			);
			path = "Study Bro";
			sourceTree = "<group>";
		};
/* End PBXFileSystemSynchronizedRootGroup section */

/* Begin PBXFrameworksBuildPhase section */
		E3B5CC402E48FDE30010371D /* Frameworks */ = {
			isa = PBXFrameworksBuildPhase;
			buildActionMask = 2147483647;
			files = (
				E3B5CD292E49007E0010371D /* FirebaseFirestoreCombine-Community in Frameworks */,
				E3B5CD2D2E49007E0010371D /* FirebaseStorageCombine-Community in Frameworks */,
				E3B5CD222E48FF0A0010371D /* FirebaseMessaging in Frameworks */,
				E3B5CD272E49007E0010371D /* FirebaseAuthCombine-Community in Frameworks */,
				E3B5CD2B2E49007E0010371D /* FirebaseFunctionsCombine-Community in Frameworks */,
				E3B5CD022E48FE920010371D /* Stripe in Frameworks */,
				E3B5CD1E2E48FF0A0010371D /* FirebaseFunctions in Frameworks */,
				E3B5CD1C2E48FF0A0010371D /* FirebaseFirestore in Frameworks */,
				E3B5CD062E48FE920010371D /* StripePaymentSheet in Frameworks */,
				E3B5CD0F2E48FEB90010371D /* GoogleSignInSwift in Frameworks */,
				E3B5CD082E48FE920010371D /* StripePayments in Frameworks */,
				E3B5CD0A2E48FE920010371D /* StripePaymentsUI in Frameworks */,
				E3B5CD122E48FF0A0010371D /* FirebaseAI in Frameworks */,
				E3B5CD042E48FE920010371D /* StripeApplePay in Frameworks */,
				E3B5CD1A2E48FF0A0010371D /* FirebaseAuth in Frameworks */,
				E3B5CD0D2E48FEB90010371D /* GoogleSignIn in Frameworks */,
				E3B5CD242E48FF0A0010371D /* FirebaseStorage in Frameworks */,
				E3B5CD162E48FF0A0010371D /* FirebaseAppCheck in Frameworks */,
				E3B5CD182E48FF0A0010371D /* FirebaseAppDistribution-Beta in Frameworks */,
				E3B5CD142E48FF0A0010371D /* FirebaseAnalytics in Frameworks */,
				E3B5CD202E48FF0A0010371D /* FirebaseInAppMessaging-Beta in Frameworks */,
			);
			runOnlyForDeploymentPostprocessing = 0;
		};
/* End PBXFrameworksBuildPhase section */

/* Begin PBXGroup section */
		E3B5CC3A2E48FDE30010371D = {
			isa = PBXGroup;
			children = (
				E3B5CC452E48FDE30010371D /* Study Bro */,
				E3B5CC442E48FDE30010371D /* Products */,
			);
			sourceTree = "<group>";
		};
		E3B5CC442E48FDE30010371D /* Products */ = {
			isa = PBXGroup;
			children = (
				E3B5CC432E48FDE30010371D /* Study Bro.app */,
			);
			name = Products;
			sourceTree = "<group>";
		};
/* End PBXGroup section */

/* Begin PBXNativeTarget section */
		E3B5CC422E48FDE30010371D /* Study Bro */ = {
			isa = PBXNativeTarget;
			buildConfigurationList = E3B5CC4E2E48FDE50010371D /* Build configuration list for PBXNativeTarget "Study Bro" */;
			buildPhases = (
				E3B5CC3F2E48FDE30010371D /* Sources */,
				E3B5CC402E48FDE30010371D /* Frameworks */,
				E3B5CC412E48FDE30010371D /* Resources */,
			);
			buildRules = (
			);
			dependencies = (
			);
			fileSystemSynchronizedGroups = (
				E3B5CC452E48FDE30010371D /* Study Bro */,
			);
			name = "Study Bro";
			packageProductDependencies = (
				E3B5CD012E48FE920010371D /* Stripe */,
				E3B5CD032E48FE920010371D /* StripeApplePay */,
				E3B5CD052E48FE920010371D /* StripePaymentSheet */,
				E3B5CD072E48FE920010371D /* StripePayments */,
				E3B5CD092E48FE920010371D /* StripePaymentsUI */,
				E3B5CD0C2E48FEB90010371D /* GoogleSignIn */,
				E3B5CD0E2E48FEB90010371D /* GoogleSignInSwift */,
				E3B5CD112E48FF0A0010371D /* FirebaseAI */,
				E3B5CD132E48FF0A0010371D /* FirebaseAnalytics */,
				E3B5CD152E48FF0A0010371D /* FirebaseAppCheck */,
				E3B5CD172E48FF0A0010371D /* FirebaseAppDistribution-Beta */,
				E3B5CD192E48FF0A0010371D /* FirebaseAuth */,
				E3B5CD1B2E48FF0A0010371D /* FirebaseFirestore */,
				E3B5CD1D2E48FF0A0010371D /* FirebaseFunctions */,
				E3B5CD1F2E48FF0A0010371D /* FirebaseInAppMessaging-Beta */,
				E3B5CD212E48FF0A0010371D /* FirebaseMessaging */,
				E3B5CD232E48FF0A0010371D /* FirebaseStorage */,
				E3B5CD262E49007E0010371D /* FirebaseAuthCombine-Community */,
				E3B5CD282E49007E0010371D /* FirebaseFirestoreCombine-Community */,
				E3B5CD2A2E49007E0010371D /* FirebaseFunctionsCombine-Community */,
				E3B5CD2C2E49007E0010371D /* FirebaseStorageCombine-Community */,
			);
			productName = "Study Bro";
			productReference = E3B5CC432E48FDE30010371D /* Study Bro.app */;
			productType = "com.apple.product-type.application";
		};
/* End PBXNativeTarget section */

/* Begin PBXProject section */
		E3B5CC3B2E48FDE30010371D /* Project object */ = {
			isa = PBXProject;
			attributes = {
				BuildIndependentTargetsInParallel = 1;
				LastSwiftUpdateCheck = 2600;
				LastUpgradeCheck = 2600;
				TargetAttributes = {
					E3B5CC422E48FDE30010371D = {
						CreatedOnToolsVersion = 26.0;
					};
				};
			};
			buildConfigurationList = E3B5CC3E2E48FDE30010371D /* Build configuration list for PBXProject "Study Bro" */;
			developmentRegion = en;
			hasScannedForEncodings = 0;
			knownRegions = (
				en,
				Base,
				fr,
				ru,
				es,
				de,
			);
			mainGroup = E3B5CC3A2E48FDE30010371D;
			minimizedProjectReferenceProxies = 1;
			packageReferences = (
				E3B5CD002E48FE920010371D /* XCRemoteSwiftPackageReference "stripe-ios-spm" */,
				E3B5CD0B2E48FEB90010371D /* XCRemoteSwiftPackageReference "GoogleSignIn-iOS" */,
				E3B5CD102E48FF0A0010371D /* XCRemoteSwiftPackageReference "firebase-ios-sdk" */,
			);
			preferredProjectObjectVersion = 77;
			productRefGroup = E3B5CC442E48FDE30010371D /* Products */;
			projectDirPath = "";
			projectRoot = "";
			targets = (
				E3B5CC422E48FDE30010371D /* Study Bro */,
			);
		};
/* End PBXProject section */

/* Begin PBXResourcesBuildPhase section */
		E3B5CC412E48FDE30010371D /* Resources */ = {
			isa = PBXResourcesBuildPhase;
			buildActionMask = 2147483647;
			files = (
			);
			runOnlyForDeploymentPostprocessing = 0;
		};
/* End PBXResourcesBuildPhase section */

/* Begin PBXSourcesBuildPhase section */
		E3B5CC3F2E48FDE30010371D /* Sources */ = {
			isa = PBXSourcesBuildPhase;
			buildActionMask = 2147483647;
			files = (
			);
			runOnlyForDeploymentPostprocessing = 0;
		};
/* End PBXSourcesBuildPhase section */

/* Begin XCBuildConfiguration section */
		E3B5CC4C2E48FDE50010371D /* Debug */ = {
			isa = XCBuildConfiguration;
			buildSettings = {
				ALWAYS_SEARCH_USER_PATHS = NO;
				ASSETCATALOG_COMPILER_GENERATE_SWIFT_ASSET_SYMBOL_EXTENSIONS = YES;
				CLANG_ANALYZER_NONNULL = YES;
				CLANG_ANALYZER_NUMBER_OBJECT_CONVERSION = YES_AGGRESSIVE;
				CLANG_CXX_LANGUAGE_STANDARD = "gnu++20";
				CLANG_ENABLE_MODULES = YES;
				CLANG_ENABLE_OBJC_ARC = YES;
				CLANG_ENABLE_OBJC_WEAK = YES;
				CLANG_WARN_BLOCK_CAPTURE_AUTORELEASING = YES;
				CLANG_WARN_BOOL_CONVERSION = YES;
				CLANG_WARN_COMMA = YES;
				CLANG_WARN_CONSTANT_CONVERSION = YES;
				CLANG_WARN_DEPRECATED_OBJC_IMPLEMENTATIONS = YES;
				CLANG_WARN_DIRECT_OBJC_ISA_USAGE = YES_ERROR;
				CLANG_WARN_DOCUMENTATION_COMMENTS = YES;
				CLANG_WARN_EMPTY_BODY = YES;
				CLANG_WARN_ENUM_CONVERSION = YES;
				CLANG_WARN_INFINITE_RECURSION = YES;
				CLANG_WARN_INT_CONVERSION = YES;
				CLANG_WARN_NON_LITERAL_NULL_CONVERSION = YES;
				CLANG_WARN_OBJC_IMPLICIT_RETAIN_SELF = YES;
				CLANG_WARN_OBJC_LITERAL_CONVERSION = YES;
				CLANG_WARN_OBJC_ROOT_CLASS = YES_ERROR;
				CLANG_WARN_QUOTED_INCLUDE_IN_FRAMEWORK_HEADER = YES;
				CLANG_WARN_RANGE_LOOP_ANALYSIS = YES;
				CLANG_WARN_STRICT_PROTOTYPES = YES;
				CLANG_WARN_SUSPICIOUS_MOVE = YES;
				CLANG_WARN_UNGUARDED_AVAILABILITY = YES_AGGRESSIVE;
				CLANG_WARN_UNREACHABLE_CODE = YES;
				CLANG_WARN__DUPLICATE_METHOD_MATCH = YES;
				COPY_PHASE_STRIP = NO;
				DEBUG_INFORMATION_FORMAT = dwarf;
				DEVELOPMENT_TEAM = F6VFNA642Y;
				ENABLE_STRICT_OBJC_MSGSEND = YES;
				ENABLE_TESTABILITY = YES;
				ENABLE_USER_SCRIPT_SANDBOXING = YES;
				GCC_C_LANGUAGE_STANDARD = gnu17;
				GCC_DYNAMIC_NO_PIC = NO;
				GCC_NO_COMMON_BLOCKS = YES;
				GCC_OPTIMIZATION_LEVEL = 0;
				GCC_PREPROCESSOR_DEFINITIONS = (
					"DEBUG=1",
					"$(inherited)",
				);
				GCC_WARN_64_TO_32_BIT_CONVERSION = YES;
				GCC_WARN_ABOUT_RETURN_TYPE = YES_ERROR;
				GCC_WARN_UNDECLARED_SELECTOR = YES;
				GCC_WARN_UNINITIALIZED_AUTOS = YES_AGGRESSIVE;
				GCC_WARN_UNUSED_FUNCTION = YES;
				GCC_WARN_UNUSED_VARIABLE = YES;
				INFOPLIST_FILE = "/Users/leonarddinichert/Developpement/GitHub/StuddyBuddy/IOS/Study Bro/Study Bro/Resources/Info.plist";
				IPHONEOS_DEPLOYMENT_TARGET = 26.0;
				LOCALIZATION_PREFERS_STRING_CATALOGS = YES;
				MTL_ENABLE_DEBUG_INFO = INCLUDE_SOURCE;
				MTL_FAST_MATH = YES;
				ONLY_ACTIVE_ARCH = YES;
				SDKROOT = iphoneos;
				SWIFT_ACTIVE_COMPILATION_CONDITIONS = "DEBUG $(inherited)";
				SWIFT_OPTIMIZATION_LEVEL = "-Onone";
			};
			name = Debug;
		};
		E3B5CC4D2E48FDE50010371D /* Release */ = {
			isa = XCBuildConfiguration;
			buildSettings = {
				ALWAYS_SEARCH_USER_PATHS = NO;
				ASSETCATALOG_COMPILER_GENERATE_SWIFT_ASSET_SYMBOL_EXTENSIONS = YES;
				CLANG_ANALYZER_NONNULL = YES;
				CLANG_ANALYZER_NUMBER_OBJECT_CONVERSION = YES_AGGRESSIVE;
				CLANG_CXX_LANGUAGE_STANDARD = "gnu++20";
				CLANG_ENABLE_MODULES = YES;
				CLANG_ENABLE_OBJC_ARC = YES;
				CLANG_ENABLE_OBJC_WEAK = YES;
				CLANG_WARN_BLOCK_CAPTURE_AUTORELEASING = YES;
				CLANG_WARN_BOOL_CONVERSION = YES;
				CLANG_WARN_COMMA = YES;
				CLANG_WARN_CONSTANT_CONVERSION = YES;
				CLANG_WARN_DEPRECATED_OBJC_IMPLEMENTATIONS = YES;
				CLANG_WARN_DIRECT_OBJC_ISA_USAGE = YES_ERROR;
				CLANG_WARN_DOCUMENTATION_COMMENTS = YES;
				CLANG_WARN_EMPTY_BODY = YES;
				CLANG_WARN_ENUM_CONVERSION = YES;
				CLANG_WARN_INFINITE_RECURSION = YES;
				CLANG_WARN_INT_CONVERSION = YES;
				CLANG_WARN_NON_LITERAL_NULL_CONVERSION = YES;
				CLANG_WARN_OBJC_IMPLICIT_RETAIN_SELF = YES;
				CLANG_WARN_OBJC_LITERAL_CONVERSION = YES;
				CLANG_WARN_OBJC_ROOT_CLASS = YES_ERROR;
				CLANG_WARN_QUOTED_INCLUDE_IN_FRAMEWORK_HEADER = YES;
				CLANG_WARN_RANGE_LOOP_ANALYSIS = YES;
				CLANG_WARN_STRICT_PROTOTYPES = YES;
				CLANG_WARN_SUSPICIOUS_MOVE = YES;
				CLANG_WARN_UNGUARDED_AVAILABILITY = YES_AGGRESSIVE;
				CLANG_WARN_UNREACHABLE_CODE = YES;
				CLANG_WARN__DUPLICATE_METHOD_MATCH = YES;
				COPY_PHASE_STRIP = NO;
				DEBUG_INFORMATION_FORMAT = "dwarf-with-dsym";
				DEVELOPMENT_TEAM = F6VFNA642Y;
				ENABLE_NS_ASSERTIONS = NO;
				ENABLE_STRICT_OBJC_MSGSEND = YES;
				ENABLE_USER_SCRIPT_SANDBOXING = YES;
				GCC_C_LANGUAGE_STANDARD = gnu17;
				GCC_NO_COMMON_BLOCKS = YES;
				GCC_WARN_64_TO_32_BIT_CONVERSION = YES;
				GCC_WARN_ABOUT_RETURN_TYPE = YES_ERROR;
				GCC_WARN_UNDECLARED_SELECTOR = YES;
				GCC_WARN_UNINITIALIZED_AUTOS = YES_AGGRESSIVE;
				GCC_WARN_UNUSED_FUNCTION = YES;
				GCC_WARN_UNUSED_VARIABLE = YES;
				INFOPLIST_FILE = "/Users/leonarddinichert/Developpement/GitHub/StuddyBuddy/IOS/Study Bro/Study Bro/Resources/Info.plist";
				IPHONEOS_DEPLOYMENT_TARGET = 26.0;
				LOCALIZATION_PREFERS_STRING_CATALOGS = YES;
				MTL_ENABLE_DEBUG_INFO = NO;
				MTL_FAST_MATH = YES;
				SDKROOT = iphoneos;
				SWIFT_COMPILATION_MODE = wholemodule;
				VALIDATE_PRODUCT = YES;
			};
			name = Release;
		};
		E3B5CC4F2E48FDE50010371D /* Debug */ = {
			isa = XCBuildConfiguration;
			buildSettings = {
				ASSETCATALOG_COMPILER_APPICON_NAME = AppIcon;
				ASSETCATALOG_COMPILER_GLOBAL_ACCENT_COLOR_NAME = AccentColor;
				CODE_SIGN_ENTITLEMENTS = "Study Bro/Study Bro.entitlements";
				CODE_SIGN_STYLE = Automatic;
				CURRENT_PROJECT_VERSION = 1;
				DEVELOPMENT_TEAM = F6VFNA642Y;
				ENABLE_PREVIEWS = YES;
				GENERATE_INFOPLIST_FILE = YES;
				INFOPLIST_FILE = "/Users/leonarddinichert/Developpement/GitHub/StuddyBuddy/IOS/Study Bro/Study Bro/Resources/Info.plist";
				INFOPLIST_KEY_LSApplicationCategoryType = "public.app-category.productivity";
				INFOPLIST_KEY_LSSupportsOpeningDocumentsInPlace = YES;
				INFOPLIST_KEY_UIApplicationSceneManifest_Generation = YES;
				INFOPLIST_KEY_UIApplicationSupportsIndirectInputEvents = YES;
				INFOPLIST_KEY_UILaunchScreen_Generation = YES;
				INFOPLIST_KEY_UILaunchStoryboardName = LaunchScreen;
				INFOPLIST_KEY_UISupportedInterfaceOrientations = "UIInterfaceOrientationPortrait UIInterfaceOrientationLandscapeLeft UIInterfaceOrientationLandscapeRight";
				INFOPLIST_KEY_UISupportedInterfaceOrientations_iPad = "UIInterfaceOrientationPortrait UIInterfaceOrientationPortraitUpsideDown UIInterfaceOrientationLandscapeLeft UIInterfaceOrientationLandscapeRight";
				INFOPLIST_KEY_UISupportedInterfaceOrientations_iPhone = "UIInterfaceOrientationPortrait UIInterfaceOrientationLandscapeLeft UIInterfaceOrientationLandscapeRight";
				LD_RUNPATH_SEARCH_PATHS = (
					"$(inherited)",
					"@executable_path/Frameworks",
				);
				MARKETING_VERSION = 1.0;
				PRODUCT_BUNDLE_IDENTIFIER = "com.LeonardDinichert.Study-Bro";
				PRODUCT_NAME = "$(TARGET_NAME)";
				STRING_CATALOG_GENERATE_SYMBOLS = YES;
				SWIFT_APPROACHABLE_CONCURRENCY = YES;
				SWIFT_DEFAULT_ACTOR_ISOLATION = MainActor;
				SWIFT_EMIT_LOC_STRINGS = YES;
				SWIFT_UPCOMING_FEATURE_MEMBER_IMPORT_VISIBILITY = YES;
				SWIFT_VERSION = 5.0;
				TARGETED_DEVICE_FAMILY = "1,2";
			};
			name = Debug;
		};
		E3B5CC502E48FDE50010371D /* Release */ = {
			isa = XCBuildConfiguration;
			buildSettings = {
				ASSETCATALOG_COMPILER_APPICON_NAME = AppIcon;
				ASSETCATALOG_COMPILER_GLOBAL_ACCENT_COLOR_NAME = AccentColor;
				CODE_SIGN_ENTITLEMENTS = "Study Bro/Study Bro.entitlements";
				CODE_SIGN_STYLE = Automatic;
				CURRENT_PROJECT_VERSION = 1;
				DEVELOPMENT_TEAM = F6VFNA642Y;
				ENABLE_PREVIEWS = YES;
				GENERATE_INFOPLIST_FILE = YES;
				INFOPLIST_FILE = "/Users/leonarddinichert/Developpement/GitHub/StuddyBuddy/IOS/Study Bro/Study Bro/Resources/Info.plist";
				INFOPLIST_KEY_LSApplicationCategoryType = "public.app-category.productivity";
				INFOPLIST_KEY_LSSupportsOpeningDocumentsInPlace = YES;
				INFOPLIST_KEY_UIApplicationSceneManifest_Generation = YES;
				INFOPLIST_KEY_UIApplicationSupportsIndirectInputEvents = YES;
				INFOPLIST_KEY_UILaunchScreen_Generation = YES;
				INFOPLIST_KEY_UILaunchStoryboardName = LaunchScreen;
				INFOPLIST_KEY_UISupportedInterfaceOrientations = "UIInterfaceOrientationPortrait UIInterfaceOrientationLandscapeLeft UIInterfaceOrientationLandscapeRight";
				INFOPLIST_KEY_UISupportedInterfaceOrientations_iPad = "UIInterfaceOrientationPortrait UIInterfaceOrientationPortraitUpsideDown UIInterfaceOrientationLandscapeLeft UIInterfaceOrientationLandscapeRight";
				INFOPLIST_KEY_UISupportedInterfaceOrientations_iPhone = "UIInterfaceOrientationPortrait UIInterfaceOrientationLandscapeLeft UIInterfaceOrientationLandscapeRight";
				LD_RUNPATH_SEARCH_PATHS = (
					"$(inherited)",
					"@executable_path/Frameworks",
				);
				MARKETING_VERSION = 1.0;
				PRODUCT_BUNDLE_IDENTIFIER = "com.LeonardDinichert.Study-Bro";
				PRODUCT_NAME = "$(TARGET_NAME)";
				STRING_CATALOG_GENERATE_SYMBOLS = YES;
				SWIFT_APPROACHABLE_CONCURRENCY = YES;
				SWIFT_DEFAULT_ACTOR_ISOLATION = MainActor;
				SWIFT_EMIT_LOC_STRINGS = YES;
				SWIFT_UPCOMING_FEATURE_MEMBER_IMPORT_VISIBILITY = YES;
				SWIFT_VERSION = 5.0;
				TARGETED_DEVICE_FAMILY = "1,2";
			};
			name = Release;
		};
/* End XCBuildConfiguration section */

/* Begin XCConfigurationList section */
		E3B5CC3E2E48FDE30010371D /* Build configuration list for PBXProject "Study Bro" */ = {
			isa = XCConfigurationList;
			buildConfigurations = (
				E3B5CC4C2E48FDE50010371D /* Debug */,
				E3B5CC4D2E48FDE50010371D /* Release */,
			);
			defaultConfigurationIsVisible = 0;
			defaultConfigurationName = Release;
		};
		E3B5CC4E2E48FDE50010371D /* Build configuration list for PBXNativeTarget "Study Bro" */ = {
			isa = XCConfigurationList;
			buildConfigurations = (
				E3B5CC4F2E48FDE50010371D /* Debug */,
				E3B5CC502E48FDE50010371D /* Release */,
			);
			defaultConfigurationIsVisible = 0;
			defaultConfigurationName = Release;
		};
/* End XCConfigurationList section */

/* Begin XCRemoteSwiftPackageReference section */
		E3B5CD002E48FE920010371D /* XCRemoteSwiftPackageReference "stripe-ios-spm" */ = {
			isa = XCRemoteSwiftPackageReference;
			repositoryURL = "https://github.com/stripe/stripe-ios-spm";
			requirement = {
				kind = upToNextMajorVersion;
				minimumVersion = 24.19.0;
			};
		};
		E3B5CD0B2E48FEB90010371D /* XCRemoteSwiftPackageReference "GoogleSignIn-iOS" */ = {
			isa = XCRemoteSwiftPackageReference;
			repositoryURL = "https://github.com/google/GoogleSignIn-iOS.git";
			requirement = {
				kind = upToNextMajorVersion;
				minimumVersion = 9.0.0;
			};
		};
		E3B5CD102E48FF0A0010371D /* XCRemoteSwiftPackageReference "firebase-ios-sdk" */ = {
			isa = XCRemoteSwiftPackageReference;
			repositoryURL = "https://github.com/firebase/firebase-ios-sdk.git";
			requirement = {
				kind = upToNextMajorVersion;
				minimumVersion = 12.1.0;
			};
		};
/* End XCRemoteSwiftPackageReference section */

/* Begin XCSwiftPackageProductDependency section */
		E3B5CD012E48FE920010371D /* Stripe */ = {
			isa = XCSwiftPackageProductDependency;
			package = E3B5CD002E48FE920010371D /* XCRemoteSwiftPackageReference "stripe-ios-spm" */;
			productName = Stripe;
		};
		E3B5CD032E48FE920010371D /* StripeApplePay */ = {
			isa = XCSwiftPackageProductDependency;
			package = E3B5CD002E48FE920010371D /* XCRemoteSwiftPackageReference "stripe-ios-spm" */;
			productName = StripeApplePay;
		};
		E3B5CD052E48FE920010371D /* StripePaymentSheet */ = {
			isa = XCSwiftPackageProductDependency;
			package = E3B5CD002E48FE920010371D /* XCRemoteSwiftPackageReference "stripe-ios-spm" */;
			productName = StripePaymentSheet;
		};
		E3B5CD072E48FE920010371D /* StripePayments */ = {
			isa = XCSwiftPackageProductDependency;
			package = E3B5CD002E48FE920010371D /* XCRemoteSwiftPackageReference "stripe-ios-spm" */;
			productName = StripePayments;
		};
		E3B5CD092E48FE920010371D /* StripePaymentsUI */ = {
			isa = XCSwiftPackageProductDependency;
			package = E3B5CD002E48FE920010371D /* XCRemoteSwiftPackageReference "stripe-ios-spm" */;
			productName = StripePaymentsUI;
		};
		E3B5CD0C2E48FEB90010371D /* GoogleSignIn */ = {
			isa = XCSwiftPackageProductDependency;
			package = E3B5CD0B2E48FEB90010371D /* XCRemoteSwiftPackageReference "GoogleSignIn-iOS" */;
			productName = GoogleSignIn;
		};
		E3B5CD0E2E48FEB90010371D /* GoogleSignInSwift */ = {
			isa = XCSwiftPackageProductDependency;
			package = E3B5CD0B2E48FEB90010371D /* XCRemoteSwiftPackageReference "GoogleSignIn-iOS" */;
			productName = GoogleSignInSwift;
		};
		E3B5CD112E48FF0A0010371D /* FirebaseAI */ = {
			isa = XCSwiftPackageProductDependency;
			package = E3B5CD102E48FF0A0010371D /* XCRemoteSwiftPackageReference "firebase-ios-sdk" */;
			productName = FirebaseAI;
		};
		E3B5CD132E48FF0A0010371D /* FirebaseAnalytics */ = {
			isa = XCSwiftPackageProductDependency;
			package = E3B5CD102E48FF0A0010371D /* XCRemoteSwiftPackageReference "firebase-ios-sdk" */;
			productName = FirebaseAnalytics;
		};
		E3B5CD152E48FF0A0010371D /* FirebaseAppCheck */ = {
			isa = XCSwiftPackageProductDependency;
			package = E3B5CD102E48FF0A0010371D /* XCRemoteSwiftPackageReference "firebase-ios-sdk" */;
			productName = FirebaseAppCheck;
		};
		E3B5CD172E48FF0A0010371D /* FirebaseAppDistribution-Beta */ = {
			isa = XCSwiftPackageProductDependency;
			package = E3B5CD102E48FF0A0010371D /* XCRemoteSwiftPackageReference "firebase-ios-sdk" */;
			productName = "FirebaseAppDistribution-Beta";
		};
		E3B5CD192E48FF0A0010371D /* FirebaseAuth */ = {
			isa = XCSwiftPackageProductDependency;
			package = E3B5CD102E48FF0A0010371D /* XCRemoteSwiftPackageReference "firebase-ios-sdk" */;
			productName = FirebaseAuth;
		};
		E3B5CD1B2E48FF0A0010371D /* FirebaseFirestore */ = {
			isa = XCSwiftPackageProductDependency;
			package = E3B5CD102E48FF0A0010371D /* XCRemoteSwiftPackageReference "firebase-ios-sdk" */;
			productName = FirebaseFirestore;
		};
		E3B5CD1D2E48FF0A0010371D /* FirebaseFunctions */ = {
			isa = XCSwiftPackageProductDependency;
			package = E3B5CD102E48FF0A0010371D /* XCRemoteSwiftPackageReference "firebase-ios-sdk" */;
			productName = FirebaseFunctions;
		};
		E3B5CD1F2E48FF0A0010371D /* FirebaseInAppMessaging-Beta */ = {
			isa = XCSwiftPackageProductDependency;
			package = E3B5CD102E48FF0A0010371D /* XCRemoteSwiftPackageReference "firebase-ios-sdk" */;
			productName = "FirebaseInAppMessaging-Beta";
		};
		E3B5CD212E48FF0A0010371D /* FirebaseMessaging */ = {
			isa = XCSwiftPackageProductDependency;
			package = E3B5CD102E48FF0A0010371D /* XCRemoteSwiftPackageReference "firebase-ios-sdk" */;
			productName = FirebaseMessaging;
		};
		E3B5CD232E48FF0A0010371D /* FirebaseStorage */ = {
			isa = XCSwiftPackageProductDependency;
			package = E3B5CD102E48FF0A0010371D /* XCRemoteSwiftPackageReference "firebase-ios-sdk" */;
			productName = FirebaseStorage;
		};
		E3B5CD262E49007E0010371D /* FirebaseAuthCombine-Community */ = {
			isa = XCSwiftPackageProductDependency;
			package = E3B5CD102E48FF0A0010371D /* XCRemoteSwiftPackageReference "firebase-ios-sdk" */;
			productName = "FirebaseAuthCombine-Community";
		};
		E3B5CD282E49007E0010371D /* FirebaseFirestoreCombine-Community */ = {
			isa = XCSwiftPackageProductDependency;
			package = E3B5CD102E48FF0A0010371D /* XCRemoteSwiftPackageReference "firebase-ios-sdk" */;
			productName = "FirebaseFirestoreCombine-Community";
		};
		E3B5CD2A2E49007E0010371D /* FirebaseFunctionsCombine-Community */ = {
			isa = XCSwiftPackageProductDependency;
			package = E3B5CD102E48FF0A0010371D /* XCRemoteSwiftPackageReference "firebase-ios-sdk" */;
			productName = "FirebaseFunctionsCombine-Community";
		};
		E3B5CD2C2E49007E0010371D /* FirebaseStorageCombine-Community */ = {
			isa = XCSwiftPackageProductDependency;
			package = E3B5CD102E48FF0A0010371D /* XCRemoteSwiftPackageReference "firebase-ios-sdk" */;
			productName = "FirebaseStorageCombine-Community";
		};
/* End XCSwiftPackageProductDependency section */
	};
	rootObject = E3B5CC3B2E48FDE30010371D /* Project object */;
}
